// !$*UTF8*$!
{
	archiveVersion = 1;
	classes = {
	};
	objectVersion = 46;
	objects = {

/* Begin PBXBuildFile section */
		C51F6FCF1AFA201100DF1B91 /* RSA.m in Sources */ = {isa = PBXBuildFile; fileRef = C51F6FCE1AFA201100DF1B91 /* RSA.m */; };
		C57691501AF51A1A00734D92 /* JSON.swift in Sources */ = {isa = PBXBuildFile; fileRef = C576914F1AF51A1A00734D92 /* JSON.swift */; };
		C5B03D3C1AF49FC300D795A7 /* AppDelegate.swift in Sources */ = {isa = PBXBuildFile; fileRef = C5B03D3B1AF49FC300D795A7 /* AppDelegate.swift */; };
		C5B03D3E1AF49FC300D795A7 /* ViewController.swift in Sources */ = {isa = PBXBuildFile; fileRef = C5B03D3D1AF49FC300D795A7 /* ViewController.swift */; };
		C5B03D411AF49FC300D795A7 /* Main.storyboard in Resources */ = {isa = PBXBuildFile; fileRef = C5B03D3F1AF49FC300D795A7 /* Main.storyboard */; };
		C5B03D431AF49FC300D795A7 /* Images.xcassets in Resources */ = {isa = PBXBuildFile; fileRef = C5B03D421AF49FC300D795A7 /* Images.xcassets */; };
		C5B03D461AF49FC300D795A7 /* LaunchScreen.xib in Resources */ = {isa = PBXBuildFile; fileRef = C5B03D441AF49FC300D795A7 /* LaunchScreen.xib */; };
		C5B03D521AF49FC300D795A7 /* JWTExampleTests.swift in Sources */ = {isa = PBXBuildFile; fileRef = C5B03D511AF49FC300D795A7 /* JWTExampleTests.swift */; };
		C5B03D5E1AF49FF700D795A7 /* JWT.swift in Sources */ = {isa = PBXBuildFile; fileRef = C5B03D5D1AF49FF700D795A7 /* JWT.swift */; };
		C5B03D691AF4A46000D795A7 /* Encrypt.m in Sources */ = {isa = PBXBuildFile; fileRef = C5B03D681AF4A46000D795A7 /* Encrypt.m */; };
		C5CACC581B18105E00103DC8 /* CocoaSecurity.m in Sources */ = {isa = PBXBuildFile; fileRef = C5CACC571B18105E00103DC8 /* CocoaSecurity.m */; };
/* End PBXBuildFile section */

/* Begin PBXContainerItemProxy section */
		C5B03D4C1AF49FC300D795A7 /* PBXContainerItemProxy */ = {
			isa = PBXContainerItemProxy;
			containerPortal = C5B03D2E1AF49FC300D795A7 /* Project object */;
			proxyType = 1;
			remoteGlobalIDString = C5B03D351AF49FC300D795A7;
			remoteInfo = JWTExample;
		};
/* End PBXContainerItemProxy section */

/* Begin PBXFileReference section */
		C51F6FCD1AFA201100DF1B91 /* RSA.h */ = {isa = PBXFileReference; fileEncoding = 4; lastKnownFileType = sourcecode.c.h; path = RSA.h; sourceTree = "<group>"; };
		C51F6FCE1AFA201100DF1B91 /* RSA.m */ = {isa = PBXFileReference; fileEncoding = 4; lastKnownFileType = sourcecode.c.objc; path = RSA.m; sourceTree = "<group>"; };
		C576914F1AF51A1A00734D92 /* JSON.swift */ = {isa = PBXFileReference; fileEncoding = 4; lastKnownFileType = sourcecode.swift; path = JSON.swift; sourceTree = "<group>"; };
		C5B03D361AF49FC300D795A7 /* JWTExample.app */ = {isa = PBXFileReference; explicitFileType = wrapper.application; includeInIndex = 0; path = JWTExample.app; sourceTree = BUILT_PRODUCTS_DIR; };
		C5B03D3A1AF49FC300D795A7 /* Info.plist */ = {isa = PBXFileReference; lastKnownFileType = text.plist.xml; path = Info.plist; sourceTree = "<group>"; };
		C5B03D3B1AF49FC300D795A7 /* AppDelegate.swift */ = {isa = PBXFileReference; lastKnownFileType = sourcecode.swift; path = AppDelegate.swift; sourceTree = "<group>"; };
		C5B03D3D1AF49FC300D795A7 /* ViewController.swift */ = {isa = PBXFileReference; lastKnownFileType = sourcecode.swift; path = ViewController.swift; sourceTree = "<group>"; };
		C5B03D401AF49FC300D795A7 /* Base */ = {isa = PBXFileReference; lastKnownFileType = file.storyboard; name = Base; path = Base.lproj/Main.storyboard; sourceTree = "<group>"; };
		C5B03D421AF49FC300D795A7 /* Images.xcassets */ = {isa = PBXFileReference; lastKnownFileType = folder.assetcatalog; path = Images.xcassets; sourceTree = "<group>"; };
		C5B03D451AF49FC300D795A7 /* Base */ = {isa = PBXFileReference; lastKnownFileType = file.xib; name = Base; path = Base.lproj/LaunchScreen.xib; sourceTree = "<group>"; };
		C5B03D4B1AF49FC300D795A7 /* JWTExampleTests.xctest */ = {isa = PBXFileReference; explicitFileType = wrapper.cfbundle; includeInIndex = 0; path = JWTExampleTests.xctest; sourceTree = BUILT_PRODUCTS_DIR; };
		C5B03D501AF49FC300D795A7 /* Info.plist */ = {isa = PBXFileReference; lastKnownFileType = text.plist.xml; path = Info.plist; sourceTree = "<group>"; };
		C5B03D511AF49FC300D795A7 /* JWTExampleTests.swift */ = {isa = PBXFileReference; lastKnownFileType = sourcecode.swift; path = JWTExampleTests.swift; sourceTree = "<group>"; };
		C5B03D5D1AF49FF700D795A7 /* JWT.swift */ = {isa = PBXFileReference; fileEncoding = 4; lastKnownFileType = sourcecode.swift; path = JWT.swift; sourceTree = "<group>"; };
		C5B03D671AF4A46000D795A7 /* Encrypt.h */ = {isa = PBXFileReference; fileEncoding = 4; lastKnownFileType = sourcecode.c.h; path = Encrypt.h; sourceTree = "<group>"; };
		C5B03D681AF4A46000D795A7 /* Encrypt.m */ = {isa = PBXFileReference; fileEncoding = 4; lastKnownFileType = sourcecode.c.objc; path = Encrypt.m; sourceTree = "<group>"; };
		C5B03D6A1AF4A47900D795A7 /* JWTExample-Bridging-Header.h */ = {isa = PBXFileReference; lastKnownFileType = sourcecode.c.h; path = "JWTExample-Bridging-Header.h"; sourceTree = "<group>"; };
		C5CACC561B18105E00103DC8 /* CocoaSecurity.h */ = {isa = PBXFileReference; fileEncoding = 4; lastKnownFileType = sourcecode.c.h; path = CocoaSecurity.h; sourceTree = "<group>"; };
		C5CACC571B18105E00103DC8 /* CocoaSecurity.m */ = {isa = PBXFileReference; fileEncoding = 4; lastKnownFileType = sourcecode.c.objc; path = CocoaSecurity.m; sourceTree = "<group>"; };
/* End PBXFileReference section */

/* Begin PBXFrameworksBuildPhase section */
		C5B03D331AF49FC300D795A7 /* Frameworks */ = {
			isa = PBXFrameworksBuildPhase;
			buildActionMask = 2147483647;
			files = (
			);
			runOnlyForDeploymentPostprocessing = 0;
		};
		C5B03D481AF49FC300D795A7 /* Frameworks */ = {
			isa = PBXFrameworksBuildPhase;
			buildActionMask = 2147483647;
			files = (
			);
			runOnlyForDeploymentPostprocessing = 0;
		};
/* End PBXFrameworksBuildPhase section */

/* Begin PBXGroup section */
		C5B03D2D1AF49FC300D795A7 = {
			isa = PBXGroup;
			children = (
				C5B03D381AF49FC300D795A7 /* JWTExample */,
				C5B03D4E1AF49FC300D795A7 /* JWTExampleTests */,
				C5B03D371AF49FC300D795A7 /* Products */,
			);
			sourceTree = "<group>";
		};
		C5B03D371AF49FC300D795A7 /* Products */ = {
			isa = PBXGroup;
			children = (
				C5B03D361AF49FC300D795A7 /* JWTExample.app */,
				C5B03D4B1AF49FC300D795A7 /* JWTExampleTests.xctest */,
			);
			name = Products;
			sourceTree = "<group>";
		};
		C5B03D381AF49FC300D795A7 /* JWTExample */ = {
			isa = PBXGroup;
			children = (
				C5B03D671AF4A46000D795A7 /* Encrypt.h */,
				C5B03D681AF4A46000D795A7 /* Encrypt.m */,
				C51F6FCD1AFA201100DF1B91 /* RSA.h */,
				C5CACC561B18105E00103DC8 /* CocoaSecurity.h */,
				C5CACC571B18105E00103DC8 /* CocoaSecurity.m */,
				C51F6FCE1AFA201100DF1B91 /* RSA.m */,
				C5B03D6A1AF4A47900D795A7 /* JWTExample-Bridging-Header.h */,
				C5B03D3B1AF49FC300D795A7 /* AppDelegate.swift */,
				C5B03D3D1AF49FC300D795A7 /* ViewController.swift */,
				C5B03D5D1AF49FF700D795A7 /* JWT.swift */,
				C576914F1AF51A1A00734D92 /* JSON.swift */,
				C5B03D3F1AF49FC300D795A7 /* Main.storyboard */,
				C5B03D421AF49FC300D795A7 /* Images.xcassets */,
				C5B03D441AF49FC300D795A7 /* LaunchScreen.xib */,
				C5B03D391AF49FC300D795A7 /* Supporting Files */,
			);
			path = JWTExample;
			sourceTree = "<group>";
		};
		C5B03D391AF49FC300D795A7 /* Supporting Files */ = {
			isa = PBXGroup;
			children = (
				C5B03D3A1AF49FC300D795A7 /* Info.plist */,
			);
			name = "Supporting Files";
			sourceTree = "<group>";
		};
		C5B03D4E1AF49FC300D795A7 /* JWTExampleTests */ = {
			isa = PBXGroup;
			children = (
				C5B03D511AF49FC300D795A7 /* JWTExampleTests.swift */,
				C5B03D4F1AF49FC300D795A7 /* Supporting Files */,
			);
			path = JWTExampleTests;
			sourceTree = "<group>";
		};
		C5B03D4F1AF49FC300D795A7 /* Supporting Files */ = {
			isa = PBXGroup;
			children = (
				C5B03D501AF49FC300D795A7 /* Info.plist */,
			);
			name = "Supporting Files";
			sourceTree = "<group>";
		};
/* End PBXGroup section */

/* Begin PBXNativeTarget section */
		C5B03D351AF49FC300D795A7 /* JWTExample */ = {
			isa = PBXNativeTarget;
			buildConfigurationList = C5B03D551AF49FC300D795A7 /* Build configuration list for PBXNativeTarget "JWTExample" */;
			buildPhases = (
				C5B03D321AF49FC300D795A7 /* Sources */,
				C5B03D331AF49FC300D795A7 /* Frameworks */,
				C5B03D341AF49FC300D795A7 /* Resources */,
			);
			buildRules = (
			);
			dependencies = (
			);
			name = JWTExample;
			productName = JWTExample;
			productReference = C5B03D361AF49FC300D795A7 /* JWTExample.app */;
			productType = "com.apple.product-type.application";
		};
		C5B03D4A1AF49FC300D795A7 /* JWTExampleTests */ = {
			isa = PBXNativeTarget;
			buildConfigurationList = C5B03D581AF49FC300D795A7 /* Build configuration list for PBXNativeTarget "JWTExampleTests" */;
			buildPhases = (
				C5B03D471AF49FC300D795A7 /* Sources */,
				C5B03D481AF49FC300D795A7 /* Frameworks */,
				C5B03D491AF49FC300D795A7 /* Resources */,
			);
			buildRules = (
			);
			dependencies = (
				C5B03D4D1AF49FC300D795A7 /* PBXTargetDependency */,
			);
			name = JWTExampleTests;
			productName = JWTExampleTests;
			productReference = C5B03D4B1AF49FC300D795A7 /* JWTExampleTests.xctest */;
			productType = "com.apple.product-type.bundle.unit-test";
		};
/* End PBXNativeTarget section */

/* Begin PBXProject section */
		C5B03D2E1AF49FC300D795A7 /* Project object */ = {
			isa = PBXProject;
			attributes = {
				LastUpgradeCheck = 0630;
				ORGANIZATIONNAME = MMClub;
				TargetAttributes = {
					C5B03D351AF49FC300D795A7 = {
						CreatedOnToolsVersion = 6.3.1;
					};
					C5B03D4A1AF49FC300D795A7 = {
						CreatedOnToolsVersion = 6.3.1;
						TestTargetID = C5B03D351AF49FC300D795A7;
					};
				};
			};
			buildConfigurationList = C5B03D311AF49FC300D795A7 /* Build configuration list for PBXProject "JWTExample" */;
			compatibilityVersion = "Xcode 3.2";
			developmentRegion = English;
			hasScannedForEncodings = 0;
			knownRegions = (
				en,
				Base,
			);
			mainGroup = C5B03D2D1AF49FC300D795A7;
			productRefGroup = C5B03D371AF49FC300D795A7 /* Products */;
			projectDirPath = "";
			projectRoot = "";
			targets = (
				C5B03D351AF49FC300D795A7 /* JWTExample */,
				C5B03D4A1AF49FC300D795A7 /* JWTExampleTests */,
			);
		};
/* End PBXProject section */

/* Begin PBXResourcesBuildPhase section */
		C5B03D341AF49FC300D795A7 /* Resources */ = {
			isa = PBXResourcesBuildPhase;
			buildActionMask = 2147483647;
			files = (
				C5B03D411AF49FC300D795A7 /* Main.storyboard in Resources */,
				C5B03D461AF49FC300D795A7 /* LaunchScreen.xib in Resources */,
				C5B03D431AF49FC300D795A7 /* Images.xcassets in Resources */,
			);
			runOnlyForDeploymentPostprocessing = 0;
		};
		C5B03D491AF49FC300D795A7 /* Resources */ = {
			isa = PBXResourcesBuildPhase;
			buildActionMask = 2147483647;
			files = (
			);
			runOnlyForDeploymentPostprocessing = 0;
		};
/* End PBXResourcesBuildPhase section */

/* Begin PBXSourcesBuildPhase section */
		C5B03D321AF49FC300D795A7 /* Sources */ = {
			isa = PBXSourcesBuildPhase;
			buildActionMask = 2147483647;
			files = (
				C51F6FCF1AFA201100DF1B91 /* RSA.m in Sources */,
				C5B03D691AF4A46000D795A7 /* Encrypt.m in Sources */,
				C5B03D3E1AF49FC300D795A7 /* ViewController.swift in Sources */,
				C5CACC581B18105E00103DC8 /* CocoaSecurity.m in Sources */,
				C5B03D5E1AF49FF700D795A7 /* JWT.swift in Sources */,
				C57691501AF51A1A00734D92 /* JSON.swift in Sources */,
				C5B03D3C1AF49FC300D795A7 /* AppDelegate.swift in Sources */,
			);
			runOnlyForDeploymentPostprocessing = 0;
		};
		C5B03D471AF49FC300D795A7 /* Sources */ = {
			isa = PBXSourcesBuildPhase;
			buildActionMask = 2147483647;
			files = (
				C5B03D521AF49FC300D795A7 /* JWTExampleTests.swift in Sources */,
			);
			runOnlyForDeploymentPostprocessing = 0;
		};
/* End PBXSourcesBuildPhase section */

/* Begin PBXTargetDependency section */
		C5B03D4D1AF49FC300D795A7 /* PBXTargetDependency */ = {
			isa = PBXTargetDependency;
			target = C5B03D351AF49FC300D795A7 /* JWTExample */;
			targetProxy = C5B03D4C1AF49FC300D795A7 /* PBXContainerItemProxy */;
		};
/* End PBXTargetDependency section */

/* Begin PBXVariantGroup section */
		C5B03D3F1AF49FC300D795A7 /* Main.storyboard */ = {
			isa = PBXVariantGroup;
			children = (
				C5B03D401AF49FC300D795A7 /* Base */,
			);
			name = Main.storyboard;
			sourceTree = "<group>";
		};
		C5B03D441AF49FC300D795A7 /* LaunchScreen.xib */ = {
			isa = PBXVariantGroup;
			children = (
				C5B03D451AF49FC300D795A7 /* Base */,
			);
			name = LaunchScreen.xib;
			sourceTree = "<group>";
		};
/* End PBXVariantGroup section */

/* Begin XCBuildConfiguration section */
		C5B03D531AF49FC300D795A7 /* Debug */ = {
			isa = XCBuildConfiguration;
			buildSettings = {
				ALWAYS_SEARCH_USER_PATHS = NO;
				CLANG_CXX_LANGUAGE_STANDARD = "gnu++0x";
				CLANG_CXX_LIBRARY = "libc++";
				CLANG_ENABLE_MODULES = YES;
				CLANG_ENABLE_OBJC_ARC = YES;
				CLANG_WARN_BOOL_CONVERSION = YES;
				CLANG_WARN_CONSTANT_CONVERSION = YES;
				CLANG_WARN_DIRECT_OBJC_ISA_USAGE = YES_ERROR;
				CLANG_WARN_EMPTY_BODY = YES;
				CLANG_WARN_ENUM_CONVERSION = YES;
				CLANG_WARN_INT_CONVERSION = YES;
				CLANG_WARN_OBJC_ROOT_CLASS = YES_ERROR;
				CLANG_WARN_UNREACHABLE_CODE = YES;
				CLANG_WARN__DUPLICATE_METHOD_MATCH = YES;
				"CODE_SIGN_IDENTITY[sdk=iphoneos*]" = "iPhone Developer";
				COPY_PHASE_STRIP = NO;
				DEBUG_INFORMATION_FORMAT = "dwarf-with-dsym";
				ENABLE_STRICT_OBJC_MSGSEND = YES;
				GCC_C_LANGUAGE_STANDARD = gnu99;
				GCC_DYNAMIC_NO_PIC = NO;
				GCC_NO_COMMON_BLOCKS = YES;
				GCC_OPTIMIZATION_LEVEL = 0;
				GCC_PREPROCESSOR_DEFINITIONS = (
					"DEBUG=1",
					"$(inherited)",
				);
				GCC_SYMBOLS_PRIVATE_EXTERN = NO;
				GCC_WARN_64_TO_32_BIT_CONVERSION = YES;
				GCC_WARN_ABOUT_RETURN_TYPE = YES_ERROR;
				GCC_WARN_UNDECLARED_SELECTOR = YES;
				GCC_WARN_UNINITIALIZED_AUTOS = YES_AGGRESSIVE;
				GCC_WARN_UNUSED_FUNCTION = YES;
				GCC_WARN_UNUSED_VARIABLE = YES;
				IPHONEOS_DEPLOYMENT_TARGET = 8.3;
				MTL_ENABLE_DEBUG_INFO = YES;
				ONLY_ACTIVE_ARCH = YES;
				SDKROOT = iphoneos;
				SWIFT_OPTIMIZATION_LEVEL = "-Onone";
			};
			name = Debug;
		};
		C5B03D541AF49FC300D795A7 /* Release */ = {
			isa = XCBuildConfiguration;
			buildSettings = {
				ALWAYS_SEARCH_USER_PATHS = NO;
				CLANG_CXX_LANGUAGE_STANDARD = "gnu++0x";
				CLANG_CXX_LIBRARY = "libc++";
				CLANG_ENABLE_MODULES = YES;
				CLANG_ENABLE_OBJC_ARC = YES;
				CLANG_WARN_BOOL_CONVERSION = YES;
				CLANG_WARN_CONSTANT_CONVERSION = YES;
				CLANG_WARN_DIRECT_OBJC_ISA_USAGE = YES_ERROR;
				CLANG_WARN_EMPTY_BODY = YES;
				CLANG_WARN_ENUM_CONVERSION = YES;
				CLANG_WARN_INT_CONVERSION = YES;
				CLANG_WARN_OBJC_ROOT_CLASS = YES_ERROR;
				CLANG_WARN_UNREACHABLE_CODE = YES;
				CLANG_WARN__DUPLICATE_METHOD_MATCH = YES;
				"CODE_SIGN_IDENTITY[sdk=iphoneos*]" = "iPhone Developer";
				COPY_PHASE_STRIP = NO;
				DEBUG_INFORMATION_FORMAT = "dwarf-with-dsym";
				ENABLE_NS_ASSERTIONS = NO;
				ENABLE_STRICT_OBJC_MSGSEND = YES;
				GCC_C_LANGUAGE_STANDARD = gnu99;
				GCC_NO_COMMON_BLOCKS = YES;
				GCC_WARN_64_TO_32_BIT_CONVERSION = YES;
				GCC_WARN_ABOUT_RETURN_TYPE = YES_ERROR;
				GCC_WARN_UNDECLARED_SELECTOR = YES;
				GCC_WARN_UNINITIALIZED_AUTOS = YES_AGGRESSIVE;
				GCC_WARN_UNUSED_FUNCTION = YES;
				GCC_WARN_UNUSED_VARIABLE = YES;
				IPHONEOS_DEPLOYMENT_TARGET = 8.3;
				MTL_ENABLE_DEBUG_INFO = NO;
				SDKROOT = iphoneos;
				VALIDATE_PRODUCT = YES;
			};
			name = Release;
		};
		C5B03D561AF49FC300D795A7 /* Debug */ = {
			isa = XCBuildConfiguration;
			buildSettings = {
				ASSETCATALOG_COMPILER_APPICON_NAME = AppIcon;
				CLANG_ENABLE_MODULES = YES;
				INFOPLIST_FILE = JWTExample/Info.plist;
				LD_RUNPATH_SEARCH_PATHS = "$(inherited) @executable_path/Frameworks";
				PRODUCT_NAME = "$(TARGET_NAME)";
				SWIFT_OBJC_BRIDGING_HEADER = "JWTExample/JWTExample-Bridging-Header.h";
				SWIFT_OPTIMIZATION_LEVEL = "-Onone";
			};
			name = Debug;
		};
		C5B03D571AF49FC300D795A7 /* Release */ = {
			isa = XCBuildConfiguration;
			buildSettings = {
				ASSETCATALOG_COMPILER_APPICON_NAME = AppIcon;
				CLANG_ENABLE_MODULES = YES;
				INFOPLIST_FILE = JWTExample/Info.plist;
				LD_RUNPATH_SEARCH_PATHS = "$(inherited) @executable_path/Frameworks";
				PRODUCT_NAME = "$(TARGET_NAME)";
				SWIFT_OBJC_BRIDGING_HEADER = "JWTExample/JWTExample-Bridging-Header.h";
			};
			name = Release;
		};
		C5B03D591AF49FC300D795A7 /* Debug */ = {
			isa = XCBuildConfiguration;
			buildSettings = {
				BUNDLE_LOADER = "$(TEST_HOST)";
				FRAMEWORK_SEARCH_PATHS = (
					"$(SDKROOT)/Developer/Library/Frameworks",
					"$(inherited)",
				);
				GCC_PREPROCESSOR_DEFINITIONS = (
					"DEBUG=1",
					"$(inherited)",
				);
				INFOPLIST_FILE = JWTExampleTests/Info.plist;
				LD_RUNPATH_SEARCH_PATHS = "$(inherited) @executable_path/Frameworks @loader_path/Frameworks";
				PRODUCT_NAME = "$(TARGET_NAME)";
				TEST_HOST = "$(BUILT_PRODUCTS_DIR)/JWTExample.app/JWTExample";
			};
			name = Debug;
		};
		C5B03D5A1AF49FC300D795A7 /* Release */ = {
			isa = XCBuildConfiguration;
			buildSettings = {
				BUNDLE_LOADER = "$(TEST_HOST)";
				FRAMEWORK_SEARCH_PATHS = (
					"$(SDKROOT)/Developer/Library/Frameworks",
					"$(inherited)",
				);
				INFOPLIST_FILE = JWTExampleTests/Info.plist;
				LD_RUNPATH_SEARCH_PATHS = "$(inherited) @executable_path/Frameworks @loader_path/Frameworks";
				PRODUCT_NAME = "$(TARGET_NAME)";
				TEST_HOST = "$(BUILT_PRODUCTS_DIR)/JWTExample.app/JWTExample";
			};
			name = Release;
		};
/* End XCBuildConfiguration section */

/* Begin XCConfigurationList section */
		C5B03D311AF49FC300D795A7 /* Build configuration list for PBXProject "JWTExample" */ = {
			isa = XCConfigurationList;
			buildConfigurations = (
				C5B03D531AF49FC300D795A7 /* Debug */,
				C5B03D541AF49FC300D795A7 /* Release */,
			);
			defaultConfigurationIsVisible = 0;
			defaultConfigurationName = Release;
		};
		C5B03D551AF49FC300D795A7 /* Build configuration list for PBXNativeTarget "JWTExample" */ = {
			isa = XCConfigurationList;
			buildConfigurations = (
				C5B03D561AF49FC300D795A7 /* Debug */,
				C5B03D571AF49FC300D795A7 /* Release */,
			);
			defaultConfigurationIsVisible = 0;
			defaultConfigurationName = Release;
		};
		C5B03D581AF49FC300D795A7 /* Build configuration list for PBXNativeTarget "JWTExampleTests" */ = {
			isa = XCConfigurationList;
			buildConfigurations = (
				C5B03D591AF49FC300D795A7 /* Debug */,
				C5B03D5A1AF49FC300D795A7 /* Release */,
			);
			defaultConfigurationIsVisible = 0;
			defaultConfigurationName = Release;
		};
/* End XCConfigurationList section */
	};
	rootObject = C5B03D2E1AF49FC300D795A7 /* Project object */;
}
